
Microsoft Visual Studio Solution File, Format Version 12.00
# Visual Studio Version 16
VisualStudioVersion = 16.0.30503.244
MinimumVisualStudioVersion = 10.0.40219.1
Project("{FAE04EC0-301F-11D3-BF4B-00C04F79EFBC}") = "TicTacToe", "TicTacToe.csproj", "{34B635D1-BE48-4039-A4AD-F1F3412428F7}"
EndProject
Global
	GlobalSection(SolutionConfigurationPlatforms) = preSolution
		Debug|Any CPU = Debug|Any CPU
		Release|Any CPU = Release|Any CPU
	EndGlobalSection
	GlobalSection(ProjectConfigurationPlatforms) = postSolution
		{34B635D1-BE48-4039-A4AD-F1F3412428F7}.Debug|Any CPU.ActiveCfg = Debug|Any CPU
		{34B635D1-BE48-4039-A4AD-F1F3412428F7}.Debug|Any CPU.Build.0 = Debug|Any CPU
		{34B635D1-BE48-4039-A4AD-F1F3412428F7}.Release|Any CPU.ActiveCfg = Release|Any CPU
		{34B635D1-BE48-4039-A4AD-F1F3412428F7}.Release|Any CPU.Build.0 = Release|Any CPU
	EndGlobalSection
	GlobalSection(SolutionProperties) = preSolution
		HideSolutionNode = FALSE
	EndGlobalSection
	GlobalSection(ExtensibilityGlobals) = postSolution
		SolutionGuid = {227187C7-B8F6-46CD-BDF5-357C1C3D7564}
	EndGlobalSection
EndGlobal
